{
  "name": "Alfa",
  "lockfileVersion": 2,
  "requires": true,
  "packages": {
    "": {
      "dependencies": {
        "datatables.net-dt": "^1.13.4",
        "simple-datatables": "^7.2.0"
      }
    },
    "node_modules/datatables.net": {
      "version": "1.13.4",
      "resolved": "https://registry.npmjs.org/datatables.net/-/datatables.net-1.13.4.tgz",
      "integrity": "sha512-yzhArTOB6tPO2QFKm1z3hA4vabtt2hRvgw8XLsT1xqEirinfGYqWDiWXlkTPTaJv2e7gG+Kf985sXkzBFlGrGQ==",
      "dependencies": {
        "jquery": ">=1.7"
      }
    },
    "node_modules/datatables.net-dt": {
      "version": "1.13.4",
      "resolved": "https://registry.npmjs.org/datatables.net-dt/-/datatables.net-dt-1.13.4.tgz",
      "integrity": "sha512-QAvuEej/qKSiaSmSeDQ36wWO72XzFGKkd0jdiqbp+2FHAAzIk+ffsqQAwylystMoBSiO0zlcdaqHoAPa5Dy7Pg==",
      "dependencies": {
        "datatables.net": ">=1.12.1",
        "jquery": ">=1.7"
      }
    },
    "node_modules/dayjs": {
      "version": "1.11.7",
      "resolved": "https://registry.npmjs.org/dayjs/-/dayjs-1.11.7.tgz",
      "integrity": "sha512-+Yw9U6YO5TQohxLcIkrXBeY73WP3ejHWVvx8XCk3gxvQDCTEmS48ZrSZCKciI7Bhl/uCMyxYtE9UqRILmFphkQ=="
    },
    "node_modules/diff-dom": {
      "version": "5.0.3",
      "resolved": "https://registry.npmjs.org/diff-dom/-/diff-dom-5.0.3.tgz",
      "integrity": "sha512-/gOPP7yBrZpaVW96L4Iye6nmKcd884WwibSj66Vqo8vx5bMxXsAL0FOomTDhRsR1Mg9an0PPXWKYM8jxiYwcIQ=="
    },
    "node_modules/jquery": {
      "version": "3.6.4",
      "resolved": "https://registry.npmjs.org/jquery/-/jquery-3.6.4.tgz",
      "integrity": "sha512-v28EW9DWDFpzcD9O5iyJXg3R3+q+mET5JhnjJzQUZMHOv67bpSIHq81GEYpPNZHG+XXHsfSme3nxp/hndKEcsQ=="
    },
    "node_modules/simple-datatables": {
      "version": "7.2.0",
      "resolved": "https://registry.npmjs.org/simple-datatables/-/simple-datatables-7.2.0.tgz",
      "integrity": "sha512-dpKQuHcsciLyZD4GqZKkTkNe3sDN2iJJsWjhoPpQk5OSW5kF9FS3hWa3ERGQ4VkrlTrEaOSuI8A6m3NjnVvtrA==",
      "dependencies": {
        "dayjs": "^1.11.7",
        "diff-dom": "5.0.3"
      }
    }
  },
  "dependencies": {
    "datatables.net": {
      "version": "1.13.4",
      "resolved": "https://registry.npmjs.org/datatables.net/-/datatables.net-1.13.4.tgz",
      "integrity": "sha512-yzhArTOB6tPO2QFKm1z3hA4vabtt2hRvgw8XLsT1xqEirinfGYqWDiWXlkTPTaJv2e7gG+Kf985sXkzBFlGrGQ==",
      "requires": {
        "jquery": ">=1.7"
      }
    },
    "datatables.net-dt": {
      "version": "1.13.4",
      "resolved": "https://registry.npmjs.org/datatables.net-dt/-/datatables.net-dt-1.13.4.tgz",
      "integrity": "sha512-QAvuEej/qKSiaSmSeDQ36wWO72XzFGKkd0jdiqbp+2FHAAzIk+ffsqQAwylystMoBSiO0zlcdaqHoAPa5Dy7Pg==",
      "requires": {
        "datatables.net": ">=1.12.1",
        "jquery": ">=1.7"
      }
    },
    "dayjs": {
      "version": "1.11.7",
      "resolved": "https://registry.npmjs.org/dayjs/-/dayjs-1.11.7.tgz",
      "integrity": "sha512-+Yw9U6YO5TQohxLcIkrXBeY73WP3ejHWVvx8XCk3gxvQDCTEmS48ZrSZCKciI7Bhl/uCMyxYtE9UqRILmFphkQ=="
    },
    "diff-dom": {
      "version": "5.0.3",
      "resolved": "https://registry.npmjs.org/diff-dom/-/diff-dom-5.0.3.tgz",
      "integrity": "sha512-/gOPP7yBrZpaVW96L4Iye6nmKcd884WwibSj66Vqo8vx5bMxXsAL0FOomTDhRsR1Mg9an0PPXWKYM8jxiYwcIQ=="
    },
    "jquery": {
      "version": "3.6.4",
      "resolved": "https://registry.npmjs.org/jquery/-/jquery-3.6.4.tgz",
      "integrity": "sha512-v28EW9DWDFpzcD9O5iyJXg3R3+q+mET5JhnjJzQUZMHOv67bpSIHq81GEYpPNZHG+XXHsfSme3nxp/hndKEcsQ=="
    },
    "simple-datatables": {
      "version": "7.2.0",
      "resolved": "https://registry.npmjs.org/simple-datatables/-/simple-datatables-7.2.0.tgz",
      "integrity": "sha512-dpKQuHcsciLyZD4GqZKkTkNe3sDN2iJJsWjhoPpQk5OSW5kF9FS3hWa3ERGQ4VkrlTrEaOSuI8A6m3NjnVvtrA==",
      "requires": {
        "dayjs": "^1.11.7",
        "diff-dom": "5.0.3"
      }
    }
  }
}
